
Microsoft Visual Studio Solution File, Format Version 12.00
# Visual Studio 14
VisualStudioVersion = 14.0.25420.1
MinimumVisualStudioVersion = 10.0.40219.1
Project("{8BC9CEB8-8B4A-11D0-8D11-00A0C91BC942}") = "Learning", "Learning\Learning.vcxproj", "{E4B233D1-A1F0-481C-B27B-13D33EBB6CAC}"
EndProject
Project("{2150E333-8FDC-42A3-9474-1A3956D46DE8}") = "Solution Items", "Solution Items", "{8C53DD6E-146B-4984-AD07-EB5619779F21}"
	ProjectSection(SolutionItems) = preProject
		Mark.md = Mark.md
	EndProjectSection
EndProject
Project("{8BC9CEB8-8B4A-11D0-8D11-00A0C91BC942}") = "freeGlut", "freeGlut\freeGlut.vcxproj", "{7295AE01-6A29-4171-A538-7FC7AD77BFAA}"
EndProject
Global
	GlobalSection(SolutionConfigurationPlatforms) = preSolution
		Debug|x64 = Debug|x64
		Debug|x86 = Debug|x86
		Release|x64 = Release|x64
		Release|x86 = Release|x86
	EndGlobalSection
	GlobalSection(ProjectConfigurationPlatforms) = postSolution
		{E4B233D1-A1F0-481C-B27B-13D33EBB6CAC}.Debug|x64.ActiveCfg = Debug|x64
		{E4B233D1-A1F0-481C-B27B-13D33EBB6CAC}.Debug|x64.Build.0 = Debug|x64
		{E4B233D1-A1F0-481C-B27B-13D33EBB6CAC}.Debug|x86.ActiveCfg = Debug|Win32
		{E4B233D1-A1F0-481C-B27B-13D33EBB6CAC}.Debug|x86.Build.0 = Debug|Win32
		{E4B233D1-A1F0-481C-B27B-13D33EBB6CAC}.Release|x64.ActiveCfg = Release|x64
		{E4B233D1-A1F0-481C-B27B-13D33EBB6CAC}.Release|x64.Build.0 = Release|x64
		{E4B233D1-A1F0-481C-B27B-13D33EBB6CAC}.Release|x86.ActiveCfg = Release|Win32
		{E4B233D1-A1F0-481C-B27B-13D33EBB6CAC}.Release|x86.Build.0 = Release|Win32
		{7295AE01-6A29-4171-A538-7FC7AD77BFAA}.Debug|x64.ActiveCfg = Debug|x64
		{7295AE01-6A29-4171-A538-7FC7AD77BFAA}.Debug|x64.Build.0 = Debug|x64
		{7295AE01-6A29-4171-A538-7FC7AD77BFAA}.Debug|x86.ActiveCfg = Debug|Win32
		{7295AE01-6A29-4171-A538-7FC7AD77BFAA}.Debug|x86.Build.0 = Debug|Win32
		{7295AE01-6A29-4171-A538-7FC7AD77BFAA}.Release|x64.ActiveCfg = Release|x64
		{7295AE01-6A29-4171-A538-7FC7AD77BFAA}.Release|x64.Build.0 = Release|x64
		{7295AE01-6A29-4171-A538-7FC7AD77BFAA}.Release|x86.ActiveCfg = Release|Win32
		{7295AE01-6A29-4171-A538-7FC7AD77BFAA}.Release|x86.Build.0 = Release|Win32
	EndGlobalSection
	GlobalSection(SolutionProperties) = preSolution
		HideSolutionNode = FALSE
	EndGlobalSection
EndGlobal
